
Microsoft Visual Studio Solution File, Format Version 12.00
# Visual Studio Version 16
VisualStudioVersion = 16.0.29709.97
MinimumVisualStudioVersion = 10.0.40219.1
Project("{8BC9CEB8-8B4A-11D0-8D11-00A0C91BC942}") = "zlib", "zlib\zlib.vcxproj", "{C1634ABE-EFAF-4985-BE55-F130926394CF}"
EndProject
Project("{8BC9CEB8-8B4A-11D0-8D11-00A0C91BC942}") = "pqdiflib", "pqdiflib\pqdiflib.vcxproj", "{9445288F-7B00-1F0E-27DF-D4E932428D7D}"
	ProjectSection(ProjectDependencies) = postProject
		{C1634ABE-EFAF-4985-BE55-F130926394CF} = {C1634ABE-EFAF-4985-BE55-F130926394CF}
	EndProjectSection
EndProject
Project("{8BC9CEB8-8B4A-11D0-8D11-00A0C91BC942}") = "PQDIFNet", "PQDIFNet\PQDIFNet.vcxproj", "{1D000107-DD3E-4843-96F1-A72E4F15C98A}"
	ProjectSection(ProjectDependencies) = postProject
		{9445288F-7B00-1F0E-27DF-D4E932428D7D} = {9445288F-7B00-1F0E-27DF-D4E932428D7D}
		{C1634ABE-EFAF-4985-BE55-F130926394CF} = {C1634ABE-EFAF-4985-BE55-F130926394CF}
	EndProjectSection
EndProject
Project("{9A19103F-16F7-4668-BE54-9A1E7A4F7556}") = "PQDIF.Log", "PQDIF.Log\PQDIF.Log.csproj", "{773890CF-6EC9-4DF1-A39B-93627436B4ED}"
EndProject
Project("{9A19103F-16F7-4668-BE54-9A1E7A4F7556}") = "PQDIF.Validator", "PQDIF.Validator\PQDIF.Validator.csproj", "{715FB7BE-E64D-41EE-9A1F-097D0B68EBBA}"
EndProject
Project("{9A19103F-16F7-4668-BE54-9A1E7A4F7556}") = "PQDIF.Examples", "PQDIF.Examples\PQDIF.Examples.csproj", "{01995E31-F75E-4740-936C-56199C03A90C}"
EndProject
Global
	GlobalSection(SolutionConfigurationPlatforms) = preSolution
		Debug|Any CPU = Debug|Any CPU
		Debug|x64 = Debug|x64
		Debug|x86 = Debug|x86
		Release|Any CPU = Release|Any CPU
		Release|x64 = Release|x64
		Release|x86 = Release|x86
	EndGlobalSection
	GlobalSection(ProjectConfigurationPlatforms) = postSolution
		{C1634ABE-EFAF-4985-BE55-F130926394CF}.Debug|Any CPU.ActiveCfg = Debug|Win32
		{C1634ABE-EFAF-4985-BE55-F130926394CF}.Debug|x64.ActiveCfg = Debug|x64
		{C1634ABE-EFAF-4985-BE55-F130926394CF}.Debug|x64.Build.0 = Debug|x64
		{C1634ABE-EFAF-4985-BE55-F130926394CF}.Debug|x86.ActiveCfg = Debug|Win32
		{C1634ABE-EFAF-4985-BE55-F130926394CF}.Debug|x86.Build.0 = Debug|Win32
		{C1634ABE-EFAF-4985-BE55-F130926394CF}.Release|Any CPU.ActiveCfg = Release|Win32
		{C1634ABE-EFAF-4985-BE55-F130926394CF}.Release|x64.ActiveCfg = Release|x64
		{C1634ABE-EFAF-4985-BE55-F130926394CF}.Release|x64.Build.0 = Release|x64
		{C1634ABE-EFAF-4985-BE55-F130926394CF}.Release|x86.ActiveCfg = Release|Win32
		{C1634ABE-EFAF-4985-BE55-F130926394CF}.Release|x86.Build.0 = Release|Win32
		{9445288F-7B00-1F0E-27DF-D4E932428D7D}.Debug|Any CPU.ActiveCfg = Debug|Win32
		{9445288F-7B00-1F0E-27DF-D4E932428D7D}.Debug|x64.ActiveCfg = Debug|x64
		{9445288F-7B00-1F0E-27DF-D4E932428D7D}.Debug|x64.Build.0 = Debug|x64
		{9445288F-7B00-1F0E-27DF-D4E932428D7D}.Debug|x86.ActiveCfg = Debug|Win32
		{9445288F-7B00-1F0E-27DF-D4E932428D7D}.Debug|x86.Build.0 = Debug|Win32
		{9445288F-7B00-1F0E-27DF-D4E932428D7D}.Release|Any CPU.ActiveCfg = Release|Win32
		{9445288F-7B00-1F0E-27DF-D4E932428D7D}.Release|x64.ActiveCfg = Release|x64
		{9445288F-7B00-1F0E-27DF-D4E932428D7D}.Release|x64.Build.0 = Release|x64
		{9445288F-7B00-1F0E-27DF-D4E932428D7D}.Release|x86.ActiveCfg = Release|Win32
		{9445288F-7B00-1F0E-27DF-D4E932428D7D}.Release|x86.Build.0 = Release|Win32
		{1D000107-DD3E-4843-96F1-A72E4F15C98A}.Debug|Any CPU.ActiveCfg = Debug|Win32
		{1D000107-DD3E-4843-96F1-A72E4F15C98A}.Debug|x64.ActiveCfg = Debug|x64
		{1D000107-DD3E-4843-96F1-A72E4F15C98A}.Debug|x64.Build.0 = Debug|x64
		{1D000107-DD3E-4843-96F1-A72E4F15C98A}.Debug|x86.ActiveCfg = Debug|Win32
		{1D000107-DD3E-4843-96F1-A72E4F15C98A}.Debug|x86.Build.0 = Debug|Win32
		{1D000107-DD3E-4843-96F1-A72E4F15C98A}.Release|Any CPU.ActiveCfg = Release|Win32
		{1D000107-DD3E-4843-96F1-A72E4F15C98A}.Release|x64.ActiveCfg = Release|x64
		{1D000107-DD3E-4843-96F1-A72E4F15C98A}.Release|x64.Build.0 = Release|x64
		{1D000107-DD3E-4843-96F1-A72E4F15C98A}.Release|x86.ActiveCfg = Release|Win32
		{1D000107-DD3E-4843-96F1-A72E4F15C98A}.Release|x86.Build.0 = Release|Win32
		{773890CF-6EC9-4DF1-A39B-93627436B4ED}.Debug|Any CPU.ActiveCfg = Debug|Any CPU
		{773890CF-6EC9-4DF1-A39B-93627436B4ED}.Debug|Any CPU.Build.0 = Debug|Any CPU
		{773890CF-6EC9-4DF1-A39B-93627436B4ED}.Debug|x64.ActiveCfg = Debug|Any CPU
		{773890CF-6EC9-4DF1-A39B-93627436B4ED}.Debug|x64.Build.0 = Debug|Any CPU
		{773890CF-6EC9-4DF1-A39B-93627436B4ED}.Debug|x86.ActiveCfg = Debug|Any CPU
		{773890CF-6EC9-4DF1-A39B-93627436B4ED}.Debug|x86.Build.0 = Debug|Any CPU
		{773890CF-6EC9-4DF1-A39B-93627436B4ED}.Release|Any CPU.ActiveCfg = Release|Any CPU
		{773890CF-6EC9-4DF1-A39B-93627436B4ED}.Release|Any CPU.Build.0 = Release|Any CPU
		{773890CF-6EC9-4DF1-A39B-93627436B4ED}.Release|x64.ActiveCfg = Release|Any CPU
		{773890CF-6EC9-4DF1-A39B-93627436B4ED}.Release|x64.Build.0 = Release|Any CPU
		{773890CF-6EC9-4DF1-A39B-93627436B4ED}.Release|x86.ActiveCfg = Release|Any CPU
		{773890CF-6EC9-4DF1-A39B-93627436B4ED}.Release|x86.Build.0 = Release|Any CPU
		{715FB7BE-E64D-41EE-9A1F-097D0B68EBBA}.Debug|Any CPU.ActiveCfg = Debug|Any CPU
		{715FB7BE-E64D-41EE-9A1F-097D0B68EBBA}.Debug|Any CPU.Build.0 = Debug|Any CPU
		{715FB7BE-E64D-41EE-9A1F-097D0B68EBBA}.Debug|x64.ActiveCfg = Debug|Any CPU
		{715FB7BE-E64D-41EE-9A1F-097D0B68EBBA}.Debug|x64.Build.0 = Debug|Any CPU
		{715FB7BE-E64D-41EE-9A1F-097D0B68EBBA}.Debug|x86.ActiveCfg = Debug|Any CPU
		{715FB7BE-E64D-41EE-9A1F-097D0B68EBBA}.Debug|x86.Build.0 = Debug|Any CPU
		{715FB7BE-E64D-41EE-9A1F-097D0B68EBBA}.Release|Any CPU.ActiveCfg = Release|Any CPU
		{715FB7BE-E64D-41EE-9A1F-097D0B68EBBA}.Release|Any CPU.Build.0 = Release|Any CPU
		{715FB7BE-E64D-41EE-9A1F-097D0B68EBBA}.Release|x64.ActiveCfg = Release|Any CPU
		{715FB7BE-E64D-41EE-9A1F-097D0B68EBBA}.Release|x64.Build.0 = Release|Any CPU
		{715FB7BE-E64D-41EE-9A1F-097D0B68EBBA}.Release|x86.ActiveCfg = Release|Any CPU
		{715FB7BE-E64D-41EE-9A1F-097D0B68EBBA}.Release|x86.Build.0 = Release|Any CPU
		{01995E31-F75E-4740-936C-56199C03A90C}.Debug|Any CPU.ActiveCfg = Debug|Any CPU
		{01995E31-F75E-4740-936C-56199C03A90C}.Debug|Any CPU.Build.0 = Debug|Any CPU
		{01995E31-F75E-4740-936C-56199C03A90C}.Debug|x64.ActiveCfg = Debug|Any CPU
		{01995E31-F75E-4740-936C-56199C03A90C}.Debug|x64.Build.0 = Debug|Any CPU
		{01995E31-F75E-4740-936C-56199C03A90C}.Debug|x86.ActiveCfg = Debug|Any CPU
		{01995E31-F75E-4740-936C-56199C03A90C}.Debug|x86.Build.0 = Debug|Any CPU
		{01995E31-F75E-4740-936C-56199C03A90C}.Release|Any CPU.ActiveCfg = Release|Any CPU
		{01995E31-F75E-4740-936C-56199C03A90C}.Release|Any CPU.Build.0 = Release|Any CPU
		{01995E31-F75E-4740-936C-56199C03A90C}.Release|x64.ActiveCfg = Release|Any CPU
		{01995E31-F75E-4740-936C-56199C03A90C}.Release|x64.Build.0 = Release|Any CPU
		{01995E31-F75E-4740-936C-56199C03A90C}.Release|x86.ActiveCfg = Release|Any CPU
		{01995E31-F75E-4740-936C-56199C03A90C}.Release|x86.Build.0 = Release|Any CPU
	EndGlobalSection
	GlobalSection(SolutionProperties) = preSolution
		HideSolutionNode = FALSE
	EndGlobalSection
	GlobalSection(ExtensibilityGlobals) = postSolution
		SolutionGuid = {779FE545-7145-4AD7-8688-442A2A4A9B71}
	EndGlobalSection
EndGlobal
